
Microsoft Visual Studio Solution File, Format Version 12.00
# Visual Studio Version 17
VisualStudioVersion = 17.3.32825.248
MinimumVisualStudioVersion = 10.0.40219.1
Project("{8BC9CEB8-8B4A-11D0-8D11-00A0C91BC942}") = "FriarTuck", "FriarTuck\FriarTuck.vcxproj", "{7EF755D5-1433-42BB-90A6-E0262672B949}"
EndProject
Project("{8BC9CEB8-8B4A-11D0-8D11-00A0C91BC942}") = "FriarTuckExe", "FriarTuckExe\FriarTuckExe.vcxproj", "{AD0573CF-9663-4AD9-891B-473855DCE8A4}"
EndProject
Global
	GlobalSection(SolutionConfigurationPlatforms) = preSolution
		Debug|x64 = Debug|x64
		Debug|x86 = Debug|x86
		Release|x64 = Release|x64
		Release|x86 = Release|x86
	EndGlobalSection
	GlobalSection(ProjectConfigurationPlatforms) = postSolution
		{2878730E-8A4A-4CD3-B00C-CC4BB7B3DA4A}.Debug|x64.ActiveCfg = Debug|x64
		{2878730E-8A4A-4CD3-B00C-CC4BB7B3DA4A}.Debug|x64.Build.0 = Debug|x64
		{2878730E-8A4A-4CD3-B00C-CC4BB7B3DA4A}.Debug|x86.ActiveCfg = Debug|x64
		{2878730E-8A4A-4CD3-B00C-CC4BB7B3DA4A}.Debug|x86.Build.0 = Debug|x64
		{2878730E-8A4A-4CD3-B00C-CC4BB7B3DA4A}.Release|x64.ActiveCfg = Release|x64
		{2878730E-8A4A-4CD3-B00C-CC4BB7B3DA4A}.Release|x64.Build.0 = Release|x64
		{2878730E-8A4A-4CD3-B00C-CC4BB7B3DA4A}.Release|x86.ActiveCfg = Release|x64
		{2878730E-8A4A-4CD3-B00C-CC4BB7B3DA4A}.Release|x86.Build.0 = Release|x64
		{7EF755D5-1433-42BB-90A6-E0262672B949}.Debug|x64.ActiveCfg = Debug|x64
		{7EF755D5-1433-42BB-90A6-E0262672B949}.Debug|x64.Build.0 = Debug|x64
		{7EF755D5-1433-42BB-90A6-E0262672B949}.Debug|x86.ActiveCfg = Debug|Win32
		{7EF755D5-1433-42BB-90A6-E0262672B949}.Debug|x86.Build.0 = Debug|Win32
		{7EF755D5-1433-42BB-90A6-E0262672B949}.Release|x64.ActiveCfg = Release|x64
		{7EF755D5-1433-42BB-90A6-E0262672B949}.Release|x64.Build.0 = Release|x64
		{7EF755D5-1433-42BB-90A6-E0262672B949}.Release|x86.ActiveCfg = Release|Win32
		{7EF755D5-1433-42BB-90A6-E0262672B949}.Release|x86.Build.0 = Release|Win32
		{AD0573CF-9663-4AD9-891B-473855DCE8A4}.Debug|x64.ActiveCfg = Debug|x64
		{AD0573CF-9663-4AD9-891B-473855DCE8A4}.Debug|x64.Build.0 = Debug|x64
		{AD0573CF-9663-4AD9-891B-473855DCE8A4}.Debug|x86.ActiveCfg = Debug|Win32
		{AD0573CF-9663-4AD9-891B-473855DCE8A4}.Debug|x86.Build.0 = Debug|Win32
		{AD0573CF-9663-4AD9-891B-473855DCE8A4}.Release|x64.ActiveCfg = Release|x64
		{AD0573CF-9663-4AD9-891B-473855DCE8A4}.Release|x64.Build.0 = Release|x64
		{AD0573CF-9663-4AD9-891B-473855DCE8A4}.Release|x86.ActiveCfg = Release|Win32
		{AD0573CF-9663-4AD9-891B-473855DCE8A4}.Release|x86.Build.0 = Release|Win32
	EndGlobalSection
	GlobalSection(SolutionProperties) = preSolution
		HideSolutionNode = FALSE
	EndGlobalSection
	GlobalSection(ExtensibilityGlobals) = postSolution
		SolutionGuid = {F17E0429-98B7-4EA1-80FA-988590E44D3F}
	EndGlobalSection
EndGlobal
